
Microsoft Visual Studio Solution File, Format Version 12.00
# Visual Studio Version 16
VisualStudioVersion = 16.0.30114.105
MinimumVisualStudioVersion = 10.0.40219.1
Project("{FAE04EC0-301F-11D3-BF4B-00C04F79EFBC}") = "ABC_Pharmacy", "ABC_Pharmacy\ABC_Pharmacy.csproj", "{1001CBE2-342C-477E-8867-2BA64CF2BA1E}"
EndProject
Global
	GlobalSection(SolutionConfigurationPlatforms) = preSolution
		Debug|Any CPU = Debug|Any CPU
		Release|Any CPU = Release|Any CPU
	EndGlobalSection
	GlobalSection(ProjectConfigurationPlatforms) = postSolution
		{1001CBE2-342C-477E-8867-2BA64CF2BA1E}.Debug|Any CPU.ActiveCfg = Debug|Any CPU
		{1001CBE2-342C-477E-8867-2BA64CF2BA1E}.Debug|Any CPU.Build.0 = Debug|Any CPU
		{1001CBE2-342C-477E-8867-2BA64CF2BA1E}.Release|Any CPU.ActiveCfg = Release|Any CPU
		{1001CBE2-342C-477E-8867-2BA64CF2BA1E}.Release|Any CPU.Build.0 = Release|Any CPU
	EndGlobalSection
	GlobalSection(SolutionProperties) = preSolution
		HideSolutionNode = FALSE
	EndGlobalSection
	GlobalSection(ExtensibilityGlobals) = postSolution
		SolutionGuid = {FC429677-49A0-4844-8829-4D922078124B}
	EndGlobalSection
EndGlobal
